PODS:
  - Alamofire (5.1.0)
  - Charts (3.5.0):
    - Charts/Core (= 3.5.0)
  - Charts/Core (3.5.0)
  - DropDown (2.3.13)
  - Promises (2.0.4)
  - SwiftLint (0.39.2)
  - SwiftyMimeTypes (2.1.0)

DEPENDENCIES:
  - Alamofire
  - Charts
  - DropDown
  - Promises
  - SwiftLint
  - SwiftyMimeTypes

SPEC REPOS:
  trunk:
    - Alamofire
    - Charts
    - DropDown
    - Promises
    - SwiftLint
    - SwiftyMimeTypes

SPEC CHECKSUMS:
  Alamofire: 9d5c5f602928e512395b30950c5984eca840093c
  Charts: 40a08591df1f8ad5c223ddedfb1a06da92f24f7c
  DropDown: 8a2116376c1981888557f72ec2ffc9a5e0e456ec
  Promises: fcb83dc6be43294a8d30c343636ed1a45a8d2e0a
  SwiftLint: 22ccbbe3b8008684be5955693bab135e0ed6a447
  SwiftyMimeTypes: df2392d0f7b7c06bb3a65909e0d1efc09f5b6b6b

PODFILE CHECKSUM: cf28fa5d6b51d024b4e879d5ef8f92b462417d8b

COCOAPODS: 1.9.1
